
Microsoft Visual Studio Solution File, Format Version 12.00
# Visual Studio Version 16
VisualStudioVersion = 16.0.30907.101
MinimumVisualStudioVersion = 10.0.40219.1
Project("{FAE04EC0-301F-11D3-BF4B-00C04F79EFBC}") = "01 - [Agency Profit]", "01 - [Agency Profit]\01 - [Agency Profit].csproj", "{92646645-0B59-44E0-BCC9-E6E7A0373414}"
EndProject
Project("{FAE04EC0-301F-11D3-BF4B-00C04F79EFBC}") = "02 - [Add Bags]", "02 - [Add Bags]\02 - [Add Bags].csproj", "{E6175213-3696-4349-B7C0-1C7BBD5FF8EA}"
EndProject
Project("{FAE04EC0-301F-11D3-BF4B-00C04F79EFBC}") = "03 - [Aluminum Joinery]", "03 - [Aluminum Joinery]\03 - [Aluminum Joinery].csproj", "{3F50CD8B-479F-4ABE-A454-BB3833B8DAA2}"
EndProject
Project("{FAE04EC0-301F-11D3-BF4B-00C04F79EFBC}") = "04 - [Balls]", "04 - [Balls]\04 - [Balls].csproj", "{89A969DE-9F5C-4566-833B-6EC548670B0A}"
EndProject
Project("{FAE04EC0-301F-11D3-BF4B-00C04F79EFBC}") = "05 - [Best Player]", "05 - [Best Player]\05 - [Best Player].csproj", "{857F12E3-7D94-45C3-B7E3-D2FE40B00F0F}"
EndProject
Project("{FAE04EC0-301F-11D3-BF4B-00C04F79EFBC}") = "06 - [Barcode Generator]", "06 - [Barcode Generator]\06 - [Barcode Generator].csproj", "{FD7B80A8-A994-4DEF-AB31-A1E1AF79E972}"
EndProject
Global
	GlobalSection(SolutionConfigurationPlatforms) = preSolution
		Debug|Any CPU = Debug|Any CPU
		Release|Any CPU = Release|Any CPU
	EndGlobalSection
	GlobalSection(ProjectConfigurationPlatforms) = postSolution
		{92646645-0B59-44E0-BCC9-E6E7A0373414}.Debug|Any CPU.ActiveCfg = Debug|Any CPU
		{92646645-0B59-44E0-BCC9-E6E7A0373414}.Debug|Any CPU.Build.0 = Debug|Any CPU
		{92646645-0B59-44E0-BCC9-E6E7A0373414}.Release|Any CPU.ActiveCfg = Release|Any CPU
		{92646645-0B59-44E0-BCC9-E6E7A0373414}.Release|Any CPU.Build.0 = Release|Any CPU
		{E6175213-3696-4349-B7C0-1C7BBD5FF8EA}.Debug|Any CPU.ActiveCfg = Debug|Any CPU
		{E6175213-3696-4349-B7C0-1C7BBD5FF8EA}.Debug|Any CPU.Build.0 = Debug|Any CPU
		{E6175213-3696-4349-B7C0-1C7BBD5FF8EA}.Release|Any CPU.ActiveCfg = Release|Any CPU
		{E6175213-3696-4349-B7C0-1C7BBD5FF8EA}.Release|Any CPU.Build.0 = Release|Any CPU
		{3F50CD8B-479F-4ABE-A454-BB3833B8DAA2}.Debug|Any CPU.ActiveCfg = Debug|Any CPU
		{3F50CD8B-479F-4ABE-A454-BB3833B8DAA2}.Debug|Any CPU.Build.0 = Debug|Any CPU
		{3F50CD8B-479F-4ABE-A454-BB3833B8DAA2}.Release|Any CPU.ActiveCfg = Release|Any CPU
		{3F50CD8B-479F-4ABE-A454-BB3833B8DAA2}.Release|Any CPU.Build.0 = Release|Any CPU
		{89A969DE-9F5C-4566-833B-6EC548670B0A}.Debug|Any CPU.ActiveCfg = Debug|Any CPU
		{89A969DE-9F5C-4566-833B-6EC548670B0A}.Debug|Any CPU.Build.0 = Debug|Any CPU
		{89A969DE-9F5C-4566-833B-6EC548670B0A}.Release|Any CPU.ActiveCfg = Release|Any CPU
		{89A969DE-9F5C-4566-833B-6EC548670B0A}.Release|Any CPU.Build.0 = Release|Any CPU
		{857F12E3-7D94-45C3-B7E3-D2FE40B00F0F}.Debug|Any CPU.ActiveCfg = Debug|Any CPU
		{857F12E3-7D94-45C3-B7E3-D2FE40B00F0F}.Debug|Any CPU.Build.0 = Debug|Any CPU
		{857F12E3-7D94-45C3-B7E3-D2FE40B00F0F}.Release|Any CPU.ActiveCfg = Release|Any CPU
		{857F12E3-7D94-45C3-B7E3-D2FE40B00F0F}.Release|Any CPU.Build.0 = Release|Any CPU
		{FD7B80A8-A994-4DEF-AB31-A1E1AF79E972}.Debug|Any CPU.ActiveCfg = Debug|Any CPU
		{FD7B80A8-A994-4DEF-AB31-A1E1AF79E972}.Debug|Any CPU.Build.0 = Debug|Any CPU
		{FD7B80A8-A994-4DEF-AB31-A1E1AF79E972}.Release|Any CPU.ActiveCfg = Release|Any CPU
		{FD7B80A8-A994-4DEF-AB31-A1E1AF79E972}.Release|Any CPU.Build.0 = Release|Any CPU
	EndGlobalSection
	GlobalSection(SolutionProperties) = preSolution
		HideSolutionNode = FALSE
	EndGlobalSection
	GlobalSection(ExtensibilityGlobals) = postSolution
		SolutionGuid = {81D32577-FA9A-4EFA-BBED-2B9149BD3C9B}
	EndGlobalSection
EndGlobal
