
Microsoft Visual Studio Solution File, Format Version 12.00
# Visual Studio Version 16
VisualStudioVersion = 16.0.30907.101
MinimumVisualStudioVersion = 10.0.40219.1
Project("{FAE04EC0-301F-11D3-BF4B-00C04F79EFBC}") = "01 - [Greeting by Name]", "01 - [Greeting by Name]\01 - [Greeting by Name].csproj", "{9B1F38A6-E321-47E5-B4DA-B145BA3D2790}"
EndProject
Project("{FAE04EC0-301F-11D3-BF4B-00C04F79EFBC}") = "02 - [Concatenate Data]", "02 - [Concatenate Data]\02 - [Concatenate Data].csproj", "{7533CFF3-5A0C-4124-A4E7-BD87654CE1F7}"
EndProject
Project("{FAE04EC0-301F-11D3-BF4B-00C04F79EFBC}") = "03 - [Square Area]", "03 - [Square Area]\03 - [Square Area].csproj", "{7E2EFF78-5A3D-4EDC-9E56-40020B1B3D48}"
EndProject
Project("{FAE04EC0-301F-11D3-BF4B-00C04F79EFBC}") = "04 - [Inches to Centimeters]", "04 - [Inches to Centimeters]\04 - [Inches to Centimeters].csproj", "{942C5126-093F-4CD6-A025-BFFF6F37E1B2}"
EndProject
Project("{FAE04EC0-301F-11D3-BF4B-00C04F79EFBC}") = "05 - [Projects Creation]", "05 - [Projects Creation]\05 - [Projects Creation].csproj", "{7109E819-8475-4F21-9456-40F4BFA7746A}"
EndProject
Project("{FAE04EC0-301F-11D3-BF4B-00C04F79EFBC}") = "06 - [Pet Shop]", "06 - [Pet Shop]\06 - [Pet Shop].csproj", "{BE3B61D1-A418-442F-9FBA-8DBB6B1A165D}"
EndProject
Project("{FAE04EC0-301F-11D3-BF4B-00C04F79EFBC}") = "07 - [Yard Greening]", "07 - [Yard Greening]\07 - [Yard Greening].csproj", "{226AA394-AFD7-492D-AB24-0D9B3135A153}"
EndProject
Project("{FAE04EC0-301F-11D3-BF4B-00C04F79EFBC}") = "08 - [Fish Tank]", "08 - [Fish Tank]\08 - [Fish Tank].csproj", "{11A6BF89-5CBB-49DC-894B-5567B9FF2830}"
EndProject
Global
	GlobalSection(SolutionConfigurationPlatforms) = preSolution
		Debug|Any CPU = Debug|Any CPU
		Release|Any CPU = Release|Any CPU
	EndGlobalSection
	GlobalSection(ProjectConfigurationPlatforms) = postSolution
		{9B1F38A6-E321-47E5-B4DA-B145BA3D2790}.Debug|Any CPU.ActiveCfg = Debug|Any CPU
		{9B1F38A6-E321-47E5-B4DA-B145BA3D2790}.Debug|Any CPU.Build.0 = Debug|Any CPU
		{9B1F38A6-E321-47E5-B4DA-B145BA3D2790}.Release|Any CPU.ActiveCfg = Release|Any CPU
		{9B1F38A6-E321-47E5-B4DA-B145BA3D2790}.Release|Any CPU.Build.0 = Release|Any CPU
		{7533CFF3-5A0C-4124-A4E7-BD87654CE1F7}.Debug|Any CPU.ActiveCfg = Debug|Any CPU
		{7533CFF3-5A0C-4124-A4E7-BD87654CE1F7}.Debug|Any CPU.Build.0 = Debug|Any CPU
		{7533CFF3-5A0C-4124-A4E7-BD87654CE1F7}.Release|Any CPU.ActiveCfg = Release|Any CPU
		{7533CFF3-5A0C-4124-A4E7-BD87654CE1F7}.Release|Any CPU.Build.0 = Release|Any CPU
		{7E2EFF78-5A3D-4EDC-9E56-40020B1B3D48}.Debug|Any CPU.ActiveCfg = Debug|Any CPU
		{7E2EFF78-5A3D-4EDC-9E56-40020B1B3D48}.Debug|Any CPU.Build.0 = Debug|Any CPU
		{7E2EFF78-5A3D-4EDC-9E56-40020B1B3D48}.Release|Any CPU.ActiveCfg = Release|Any CPU
		{7E2EFF78-5A3D-4EDC-9E56-40020B1B3D48}.Release|Any CPU.Build.0 = Release|Any CPU
		{942C5126-093F-4CD6-A025-BFFF6F37E1B2}.Debug|Any CPU.ActiveCfg = Debug|Any CPU
		{942C5126-093F-4CD6-A025-BFFF6F37E1B2}.Debug|Any CPU.Build.0 = Debug|Any CPU
		{942C5126-093F-4CD6-A025-BFFF6F37E1B2}.Release|Any CPU.ActiveCfg = Release|Any CPU
		{942C5126-093F-4CD6-A025-BFFF6F37E1B2}.Release|Any CPU.Build.0 = Release|Any CPU
		{7109E819-8475-4F21-9456-40F4BFA7746A}.Debug|Any CPU.ActiveCfg = Debug|Any CPU
		{7109E819-8475-4F21-9456-40F4BFA7746A}.Debug|Any CPU.Build.0 = Debug|Any CPU
		{7109E819-8475-4F21-9456-40F4BFA7746A}.Release|Any CPU.ActiveCfg = Release|Any CPU
		{7109E819-8475-4F21-9456-40F4BFA7746A}.Release|Any CPU.Build.0 = Release|Any CPU
		{BE3B61D1-A418-442F-9FBA-8DBB6B1A165D}.Debug|Any CPU.ActiveCfg = Debug|Any CPU
		{BE3B61D1-A418-442F-9FBA-8DBB6B1A165D}.Debug|Any CPU.Build.0 = Debug|Any CPU
		{BE3B61D1-A418-442F-9FBA-8DBB6B1A165D}.Release|Any CPU.ActiveCfg = Release|Any CPU
		{BE3B61D1-A418-442F-9FBA-8DBB6B1A165D}.Release|Any CPU.Build.0 = Release|Any CPU
		{226AA394-AFD7-492D-AB24-0D9B3135A153}.Debug|Any CPU.ActiveCfg = Debug|Any CPU
		{226AA394-AFD7-492D-AB24-0D9B3135A153}.Debug|Any CPU.Build.0 = Debug|Any CPU
		{226AA394-AFD7-492D-AB24-0D9B3135A153}.Release|Any CPU.ActiveCfg = Release|Any CPU
		{226AA394-AFD7-492D-AB24-0D9B3135A153}.Release|Any CPU.Build.0 = Release|Any CPU
		{11A6BF89-5CBB-49DC-894B-5567B9FF2830}.Debug|Any CPU.ActiveCfg = Debug|Any CPU
		{11A6BF89-5CBB-49DC-894B-5567B9FF2830}.Debug|Any CPU.Build.0 = Debug|Any CPU
		{11A6BF89-5CBB-49DC-894B-5567B9FF2830}.Release|Any CPU.ActiveCfg = Release|Any CPU
		{11A6BF89-5CBB-49DC-894B-5567B9FF2830}.Release|Any CPU.Build.0 = Release|Any CPU
	EndGlobalSection
	GlobalSection(SolutionProperties) = preSolution
		HideSolutionNode = FALSE
	EndGlobalSection
	GlobalSection(ExtensibilityGlobals) = postSolution
		SolutionGuid = {2E6CBEA7-D131-4FFD-B721-A41E8E031B0D}
	EndGlobalSection
EndGlobal
