
Microsoft Visual Studio Solution File, Format Version 12.00
# Visual Studio Version 16
VisualStudioVersion = 16.0.30907.101
MinimumVisualStudioVersion = 10.0.40219.1
Project("{FAE04EC0-301F-11D3-BF4B-00C04F79EFBC}") = "01 - [Dishwasher]", "01 - [Dishwasher]\01 - [Dishwasher].csproj", "{D5F04A3D-A699-4593-8138-8E97E3854A47}"
EndProject
Project("{FAE04EC0-301F-11D3-BF4B-00C04F79EFBC}") = "02 - [Report System]", "02 - [Report System]\02 - [Report System].csproj", "{92B09736-22EF-4BA2-8887-F667A22EF639}"
EndProject
Project("{FAE04EC0-301F-11D3-BF4B-00C04F79EFBC}") = "03 - [Stream Of Letters]", "03 - [Stream Of Letters]\03 - [Stream Of Letters].csproj", "{04883D84-CC5B-4B69-96F2-42481529AC79}"
EndProject
Project("{FAE04EC0-301F-11D3-BF4B-00C04F79EFBC}") = "04 - [Numbers Divided By Three Without Reminder]", "04 - [Numbers Divided By Three Without Reminder]\04 - [Numbers Divided By Three Without Reminder].csproj", "{C8CD4185-6F46-4AC6-B23A-0006CE88EA62}"
EndProject
Project("{FAE04EC0-301F-11D3-BF4B-00C04F79EFBC}") = "05 - [AverageNumber]", "05 - [AverageNumber]\05 - [AverageNumber].csproj", "{3C2FE20E-590D-4ACA-B3B8-5B45A532D0CC}"
EndProject
Global
	GlobalSection(SolutionConfigurationPlatforms) = preSolution
		Debug|Any CPU = Debug|Any CPU
		Release|Any CPU = Release|Any CPU
	EndGlobalSection
	GlobalSection(ProjectConfigurationPlatforms) = postSolution
		{D5F04A3D-A699-4593-8138-8E97E3854A47}.Debug|Any CPU.ActiveCfg = Debug|Any CPU
		{D5F04A3D-A699-4593-8138-8E97E3854A47}.Debug|Any CPU.Build.0 = Debug|Any CPU
		{D5F04A3D-A699-4593-8138-8E97E3854A47}.Release|Any CPU.ActiveCfg = Release|Any CPU
		{D5F04A3D-A699-4593-8138-8E97E3854A47}.Release|Any CPU.Build.0 = Release|Any CPU
		{92B09736-22EF-4BA2-8887-F667A22EF639}.Debug|Any CPU.ActiveCfg = Debug|Any CPU
		{92B09736-22EF-4BA2-8887-F667A22EF639}.Debug|Any CPU.Build.0 = Debug|Any CPU
		{92B09736-22EF-4BA2-8887-F667A22EF639}.Release|Any CPU.ActiveCfg = Release|Any CPU
		{92B09736-22EF-4BA2-8887-F667A22EF639}.Release|Any CPU.Build.0 = Release|Any CPU
		{04883D84-CC5B-4B69-96F2-42481529AC79}.Debug|Any CPU.ActiveCfg = Debug|Any CPU
		{04883D84-CC5B-4B69-96F2-42481529AC79}.Debug|Any CPU.Build.0 = Debug|Any CPU
		{04883D84-CC5B-4B69-96F2-42481529AC79}.Release|Any CPU.ActiveCfg = Release|Any CPU
		{04883D84-CC5B-4B69-96F2-42481529AC79}.Release|Any CPU.Build.0 = Release|Any CPU
		{C8CD4185-6F46-4AC6-B23A-0006CE88EA62}.Debug|Any CPU.ActiveCfg = Debug|Any CPU
		{C8CD4185-6F46-4AC6-B23A-0006CE88EA62}.Debug|Any CPU.Build.0 = Debug|Any CPU
		{C8CD4185-6F46-4AC6-B23A-0006CE88EA62}.Release|Any CPU.ActiveCfg = Release|Any CPU
		{C8CD4185-6F46-4AC6-B23A-0006CE88EA62}.Release|Any CPU.Build.0 = Release|Any CPU
		{3C2FE20E-590D-4ACA-B3B8-5B45A532D0CC}.Debug|Any CPU.ActiveCfg = Debug|Any CPU
		{3C2FE20E-590D-4ACA-B3B8-5B45A532D0CC}.Debug|Any CPU.Build.0 = Debug|Any CPU
		{3C2FE20E-590D-4ACA-B3B8-5B45A532D0CC}.Release|Any CPU.ActiveCfg = Release|Any CPU
		{3C2FE20E-590D-4ACA-B3B8-5B45A532D0CC}.Release|Any CPU.Build.0 = Release|Any CPU
	EndGlobalSection
	GlobalSection(SolutionProperties) = preSolution
		HideSolutionNode = FALSE
	EndGlobalSection
	GlobalSection(ExtensibilityGlobals) = postSolution
		SolutionGuid = {92A561FE-3BBE-4C5F-8377-69B19774A9E0}
	EndGlobalSection
EndGlobal
