
Microsoft Visual Studio Solution File, Format Version 12.00
# Visual Studio Version 16
VisualStudioVersion = 16.0.30907.101
MinimumVisualStudioVersion = 10.0.40219.1
Project("{FAE04EC0-301F-11D3-BF4B-00C04F79EFBC}") = "01 - [Pipes In Pool]", "01 - [Pipes In Pool]\01 - [Pipes In Pool].csproj", "{12C75A17-2C9C-4F39-B48F-01E804600468}"
EndProject
Project("{FAE04EC0-301F-11D3-BF4B-00C04F79EFBC}") = "02 - [Sleeping Tom Cat]", "02 - [Sleeping Tom Cat]\02 - [Sleeping Tom Cat].csproj", "{287B4A37-07B7-4E92-A58F-8614CD9AA31B}"
EndProject
Project("{FAE04EC0-301F-11D3-BF4B-00C04F79EFBC}") = "03 - [Harvest]", "03 - [Harvest]\03 - [Harvest].csproj", "{28B641A4-82EF-46E4-95EC-B7D560406592}"
EndProject
Project("{FAE04EC0-301F-11D3-BF4B-00C04F79EFBC}") = "04 - [Transport Price]", "04 - [Transport Price]\04 - [Transport Price].csproj", "{7E8031FE-CC29-4902-A818-26A2D0D2C4EF}"
EndProject
Project("{FAE04EC0-301F-11D3-BF4B-00C04F79EFBC}") = "05 - [Firm]", "05 - [Firm]\05 - [Firm].csproj", "{22876CF6-3708-4345-95F4-EA05078C6194}"
EndProject
Project("{FAE04EC0-301F-11D3-BF4B-00C04F79EFBC}") = "06 - [Food For Pets]", "06 - [Food For Pets]\06 - [Food For Pets].csproj", "{35222854-9E55-4160-8344-45BA7CCD0E9C}"
EndProject
Project("{FAE04EC0-301F-11D3-BF4B-00C04F79EFBC}") = "07 - [Flower Shop]", "07 - [Flower Shop]\07 - [Flower Shop].csproj", "{5DB0E0F1-4EAD-4558-9B5F-D86C24A3DEAD}"
EndProject
Project("{FAE04EC0-301F-11D3-BF4B-00C04F79EFBC}") = "08 - [Fuel Tank pt.1   pt.2]", "08 - [Fuel Tank pt.1   pt.2]\08 - [Fuel Tank pt.1   pt.2].csproj", "{F6C9BB7A-20BD-40A5-B50E-D553EEBBDD91}"
EndProject
Global
	GlobalSection(SolutionConfigurationPlatforms) = preSolution
		Debug|Any CPU = Debug|Any CPU
		Release|Any CPU = Release|Any CPU
	EndGlobalSection
	GlobalSection(ProjectConfigurationPlatforms) = postSolution
		{12C75A17-2C9C-4F39-B48F-01E804600468}.Debug|Any CPU.ActiveCfg = Debug|Any CPU
		{12C75A17-2C9C-4F39-B48F-01E804600468}.Debug|Any CPU.Build.0 = Debug|Any CPU
		{12C75A17-2C9C-4F39-B48F-01E804600468}.Release|Any CPU.ActiveCfg = Release|Any CPU
		{12C75A17-2C9C-4F39-B48F-01E804600468}.Release|Any CPU.Build.0 = Release|Any CPU
		{287B4A37-07B7-4E92-A58F-8614CD9AA31B}.Debug|Any CPU.ActiveCfg = Debug|Any CPU
		{287B4A37-07B7-4E92-A58F-8614CD9AA31B}.Debug|Any CPU.Build.0 = Debug|Any CPU
		{287B4A37-07B7-4E92-A58F-8614CD9AA31B}.Release|Any CPU.ActiveCfg = Release|Any CPU
		{287B4A37-07B7-4E92-A58F-8614CD9AA31B}.Release|Any CPU.Build.0 = Release|Any CPU
		{28B641A4-82EF-46E4-95EC-B7D560406592}.Debug|Any CPU.ActiveCfg = Debug|Any CPU
		{28B641A4-82EF-46E4-95EC-B7D560406592}.Debug|Any CPU.Build.0 = Debug|Any CPU
		{28B641A4-82EF-46E4-95EC-B7D560406592}.Release|Any CPU.ActiveCfg = Release|Any CPU
		{28B641A4-82EF-46E4-95EC-B7D560406592}.Release|Any CPU.Build.0 = Release|Any CPU
		{7E8031FE-CC29-4902-A818-26A2D0D2C4EF}.Debug|Any CPU.ActiveCfg = Debug|Any CPU
		{7E8031FE-CC29-4902-A818-26A2D0D2C4EF}.Debug|Any CPU.Build.0 = Debug|Any CPU
		{7E8031FE-CC29-4902-A818-26A2D0D2C4EF}.Release|Any CPU.ActiveCfg = Release|Any CPU
		{7E8031FE-CC29-4902-A818-26A2D0D2C4EF}.Release|Any CPU.Build.0 = Release|Any CPU
		{22876CF6-3708-4345-95F4-EA05078C6194}.Debug|Any CPU.ActiveCfg = Debug|Any CPU
		{22876CF6-3708-4345-95F4-EA05078C6194}.Debug|Any CPU.Build.0 = Debug|Any CPU
		{22876CF6-3708-4345-95F4-EA05078C6194}.Release|Any CPU.ActiveCfg = Release|Any CPU
		{22876CF6-3708-4345-95F4-EA05078C6194}.Release|Any CPU.Build.0 = Release|Any CPU
		{35222854-9E55-4160-8344-45BA7CCD0E9C}.Debug|Any CPU.ActiveCfg = Debug|Any CPU
		{35222854-9E55-4160-8344-45BA7CCD0E9C}.Debug|Any CPU.Build.0 = Debug|Any CPU
		{35222854-9E55-4160-8344-45BA7CCD0E9C}.Release|Any CPU.ActiveCfg = Release|Any CPU
		{35222854-9E55-4160-8344-45BA7CCD0E9C}.Release|Any CPU.Build.0 = Release|Any CPU
		{5DB0E0F1-4EAD-4558-9B5F-D86C24A3DEAD}.Debug|Any CPU.ActiveCfg = Debug|Any CPU
		{5DB0E0F1-4EAD-4558-9B5F-D86C24A3DEAD}.Debug|Any CPU.Build.0 = Debug|Any CPU
		{5DB0E0F1-4EAD-4558-9B5F-D86C24A3DEAD}.Release|Any CPU.ActiveCfg = Release|Any CPU
		{5DB0E0F1-4EAD-4558-9B5F-D86C24A3DEAD}.Release|Any CPU.Build.0 = Release|Any CPU
		{F6C9BB7A-20BD-40A5-B50E-D553EEBBDD91}.Debug|Any CPU.ActiveCfg = Debug|Any CPU
		{F6C9BB7A-20BD-40A5-B50E-D553EEBBDD91}.Debug|Any CPU.Build.0 = Debug|Any CPU
		{F6C9BB7A-20BD-40A5-B50E-D553EEBBDD91}.Release|Any CPU.ActiveCfg = Release|Any CPU
		{F6C9BB7A-20BD-40A5-B50E-D553EEBBDD91}.Release|Any CPU.Build.0 = Release|Any CPU
	EndGlobalSection
	GlobalSection(SolutionProperties) = preSolution
		HideSolutionNode = FALSE
	EndGlobalSection
	GlobalSection(ExtensibilityGlobals) = postSolution
		SolutionGuid = {0713572A-C1FC-42CC-A8B3-F4A2ADBD24F9}
	EndGlobalSection
EndGlobal
