
Microsoft Visual Studio Solution File, Format Version 12.00
# Visual Studio Version 16
VisualStudioVersion = 16.0.30907.101
MinimumVisualStudioVersion = 10.0.40219.1
Project("{FAE04EC0-301F-11D3-BF4B-00C04F79EFBC}") = "01 - [Exam Submissions]", "01 - [Exam Submissions]\01 - [Exam Submissions].csproj", "{22A8F9BD-8E24-460C-9229-362260E7FE7D}"
EndProject
Project("{FAE04EC0-301F-11D3-BF4B-00C04F79EFBC}") = "02 - [Exam Points]", "02 - [Exam Points]\02 - [Exam Points].csproj", "{D37EE256-C904-4E76-8646-6E7E2B0396AF}"
EndProject
Project("{FAE04EC0-301F-11D3-BF4B-00C04F79EFBC}") = "03 - [Exam Categories]", "03 - [Exam Categories]\03 - [Exam Categories].csproj", "{D59CD088-6B98-4249-BACB-811DDAE19F54}"
EndProject
Project("{FAE04EC0-301F-11D3-BF4B-00C04F79EFBC}") = "04 - [Exam Retention]", "04 - [Exam Retention]\04 - [Exam Retention].csproj", "{96B22C94-E28A-4F22-B464-74061CB19382}"
EndProject
Project("{FAE04EC0-301F-11D3-BF4B-00C04F79EFBC}") = "05 - [Exam Preparation]", "05 - [Exam Preparation]\05 - [Exam Preparation].csproj", "{E8E35141-AA94-477E-A328-A370936110B2}"
EndProject
Project("{FAE04EC0-301F-11D3-BF4B-00C04F79EFBC}") = "06 - [Exam Results]", "06 - [Exam Results]\06 - [Exam Results].csproj", "{E47BDD2A-0C92-4786-A973-29A70AFD3F66}"
EndProject
Global
	GlobalSection(SolutionConfigurationPlatforms) = preSolution
		Debug|Any CPU = Debug|Any CPU
		Release|Any CPU = Release|Any CPU
	EndGlobalSection
	GlobalSection(ProjectConfigurationPlatforms) = postSolution
		{22A8F9BD-8E24-460C-9229-362260E7FE7D}.Debug|Any CPU.ActiveCfg = Debug|Any CPU
		{22A8F9BD-8E24-460C-9229-362260E7FE7D}.Debug|Any CPU.Build.0 = Debug|Any CPU
		{22A8F9BD-8E24-460C-9229-362260E7FE7D}.Release|Any CPU.ActiveCfg = Release|Any CPU
		{22A8F9BD-8E24-460C-9229-362260E7FE7D}.Release|Any CPU.Build.0 = Release|Any CPU
		{D37EE256-C904-4E76-8646-6E7E2B0396AF}.Debug|Any CPU.ActiveCfg = Debug|Any CPU
		{D37EE256-C904-4E76-8646-6E7E2B0396AF}.Debug|Any CPU.Build.0 = Debug|Any CPU
		{D37EE256-C904-4E76-8646-6E7E2B0396AF}.Release|Any CPU.ActiveCfg = Release|Any CPU
		{D37EE256-C904-4E76-8646-6E7E2B0396AF}.Release|Any CPU.Build.0 = Release|Any CPU
		{D59CD088-6B98-4249-BACB-811DDAE19F54}.Debug|Any CPU.ActiveCfg = Debug|Any CPU
		{D59CD088-6B98-4249-BACB-811DDAE19F54}.Debug|Any CPU.Build.0 = Debug|Any CPU
		{D59CD088-6B98-4249-BACB-811DDAE19F54}.Release|Any CPU.ActiveCfg = Release|Any CPU
		{D59CD088-6B98-4249-BACB-811DDAE19F54}.Release|Any CPU.Build.0 = Release|Any CPU
		{96B22C94-E28A-4F22-B464-74061CB19382}.Debug|Any CPU.ActiveCfg = Debug|Any CPU
		{96B22C94-E28A-4F22-B464-74061CB19382}.Debug|Any CPU.Build.0 = Debug|Any CPU
		{96B22C94-E28A-4F22-B464-74061CB19382}.Release|Any CPU.ActiveCfg = Release|Any CPU
		{96B22C94-E28A-4F22-B464-74061CB19382}.Release|Any CPU.Build.0 = Release|Any CPU
		{E8E35141-AA94-477E-A328-A370936110B2}.Debug|Any CPU.ActiveCfg = Debug|Any CPU
		{E8E35141-AA94-477E-A328-A370936110B2}.Debug|Any CPU.Build.0 = Debug|Any CPU
		{E8E35141-AA94-477E-A328-A370936110B2}.Release|Any CPU.ActiveCfg = Release|Any CPU
		{E8E35141-AA94-477E-A328-A370936110B2}.Release|Any CPU.Build.0 = Release|Any CPU
		{E47BDD2A-0C92-4786-A973-29A70AFD3F66}.Debug|Any CPU.ActiveCfg = Debug|Any CPU
		{E47BDD2A-0C92-4786-A973-29A70AFD3F66}.Debug|Any CPU.Build.0 = Debug|Any CPU
		{E47BDD2A-0C92-4786-A973-29A70AFD3F66}.Release|Any CPU.ActiveCfg = Release|Any CPU
		{E47BDD2A-0C92-4786-A973-29A70AFD3F66}.Release|Any CPU.Build.0 = Release|Any CPU
	EndGlobalSection
	GlobalSection(SolutionProperties) = preSolution
		HideSolutionNode = FALSE
	EndGlobalSection
	GlobalSection(ExtensibilityGlobals) = postSolution
		SolutionGuid = {92133659-97C8-46F3-A641-C32BFDF9F5FB}
	EndGlobalSection
EndGlobal
